<?xml version="1.0" encoding="utf-8"?>
<Project ToolsVersion="4.0" xmlns="http://schemas.microsoft.com/developer/msbuild/2003">
  <ItemGroup>
    <Filter Include="tests">
      <UniqueIdentifier>{0790bf7b-98ae-49e3-8ed3-3803a88646f3}</UniqueIdentifier>
    </Filter>
  </ItemGroup>
  <ItemGroup>
    <ClInclude Include="tests\tests.hpp">
      <Filter>tests</Filter>
    </ClInclude>
  </ItemGroup>
  <ItemGroup>
    <ClCompile Include="tests\tests-utils.cpp">
      <Filter>tests</Filter>
    </ClCompile>
    <ClCompile Include="main.cpp" />
    <ClCompile Include="tests\tests-asyncs.cpp">
      <Filter>tests</Filter>
    </ClCompile>
    <ClCompile Include="tests\tests-hal.cpp">
      <Filter>tests</Filter>
    </ClCompile>
    <ClCompile Include="tests\tests-net.cpp">
      <Filter>tests</Filter>
    </ClCompile>
    <ClCompile Include="tests\tests-protocol.cpp">
      <Filter>tests</Filter>
    </ClCompile>
  </ItemGroup>
</Project>